# THIS IS AN AUTOGENERATED FILE. DO NOT EDIT THIS FILE DIRECTLY.
# yarn lockfile v1


hangul-js@^0.2.6:
  version "0.2.6"
  resolved "https://registry.yarnpkg.com/hangul-js/-/hangul-js-0.2.6.tgz#3e552e3a68c76498cf2c7993ca354af7bad4730d"
  integrity sha512-48axU8LgjCD30FEs66Xc04/8knxMwCMQw0f67l67rlttW7VXT3qRJgQeHmhiuGwWXGvSbk6YM0fhQlcjE1JFQA==
